
Microsoft Visual Studio Solution File, Format Version 12.00
# Visual Studio Version 17
VisualStudioVersion = 17.0.31903.59
MinimumVisualStudioVersion = 10.0.40219.1
Project("{2150E333-8FDC-42A3-9474-1A3956D46DE8}") = "src", "src", "{827E0CD3-B72D-47B6-A68D-7590B98EB39B}"
EndProject
Project("{FAE04EC0-301F-11D3-BF4B-00C04F79EFBC}") = "SqlOptimizer.Domain", "src\SqlOptimizer.Domain\SqlOptimizer.Domain.csproj", "{2585EAFF-92F0-467C-8D57-BF2315983B00}"
EndProject
Project("{FAE04EC0-301F-11D3-BF4B-00C04F79EFBC}") = "SqlOptimizer.Application", "src\SqlOptimizer.Application\SqlOptimizer.Application.csproj", "{2250D853-A277-47B5-BE2E-269311BB7C65}"
EndProject
Project("{FAE04EC0-301F-11D3-BF4B-00C04F79EFBC}") = "SqlOptimizer.Rules", "src\SqlOptimizer.Rules\SqlOptimizer.Rules.csproj", "{2E18006F-70F8-4015-AD6D-624BB9BD28F4}"
EndProject
Project("{FAE04EC0-301F-11D3-BF4B-00C04F79EFBC}") = "SqlOptimizer.Infrastructure", "src\SqlOptimizer.Infrastructure\SqlOptimizer.Infrastructure.csproj", "{19215182-5C6B-4B5F-AA83-5B30A9F46D98}"
EndProject
Project("{FAE04EC0-301F-11D3-BF4B-00C04F79EFBC}") = "SqlOptimizer.Api", "src\SqlOptimizer.Api\SqlOptimizer.Api.csproj", "{5D876469-93FE-4CA5-9E2E-81B768E2F9B2}"
EndProject
Project("{FAE04EC0-301F-11D3-BF4B-00C04F79EFBC}") = "SqlOptimizer.Domain.Tests", "tests\SqlOptimizer.Domain.Tests\SqlOptimizer.Domain.Tests.csproj", "{5B472672-9E96-4B5D-B387-AABD35A83A10}"
EndProject
Project("{FAE04EC0-301F-11D3-BF4B-00C04F79EFBC}") = "SqlOptimizer.Rules.Tests", "tests\SqlOptimizer.Rules.Tests\SqlOptimizer.Rules.Tests.csproj", "{C23DD150-B8AE-4D5B-B80E-32C41A12643B}"
EndProject
Project("{FAE04EC0-301F-11D3-BF4B-00C04F79EFBC}") = "SqlOptimizer.Application.Tests", "tests\SqlOptimizer.Application.Tests\SqlOptimizer.Application.Tests.csproj", "{92883542-9F66-4FE7-A7C1-28C88688DB5B}"
EndProject
Project("{FAE04EC0-301F-11D3-BF4B-00C04F79EFBC}") = "SqlOptimizer.Api.Tests", "tests\SqlOptimizer.Api.Tests\SqlOptimizer.Api.Tests.csproj", "{FA036234-9B29-4183-8971-E12A37269BFD}"
EndProject
Project("{2150E333-8FDC-42A3-9474-1A3956D46DE8}") = "tests", "tests", "{0AB3BF05-4346-4AA6-1389-037BE0695223}"
EndProject
Project("{FAE04EC0-301F-11D3-BF4B-00C04F79EFBC}") = "SqlOptimizer.Infrastructure.Tests", "tests\SqlOptimizer.Infrastructure.Tests\SqlOptimizer.Infrastructure.Tests.csproj", "{2B1CF645-ACC4-4710-86E8-96D68D8369F3}"
EndProject
Project("{FAE04EC0-301F-11D3-BF4B-00C04F79EFBC}") = "SqlOptimizer.Infrastructure.IntegrationTests", "tests\SqlOptimizer.Infrastructure.IntegrationTests\SqlOptimizer.Infrastructure.IntegrationTests.csproj", "{AC8E7078-D6AB-415D-9BC1-64D1410B8545}"
EndProject
Project("{FAE04EC0-301F-11D3-BF4B-00C04F79EFBC}") = "SqlOptimizer.Api.IntegrationTests", "tests\SqlOptimizer.Api.IntegrationTests\SqlOptimizer.Api.IntegrationTests.csproj", "{3C1462CF-EC8A-46FC-8356-BD9DD15F5EDC}"
EndProject
Project("{FAE04EC0-301F-11D3-BF4B-00C04F79EFBC}") = "SqlOptimizer.Desktop", "src\SqlOptimizer.Desktop\SqlOptimizer.Desktop.csproj", "{2879773C-F886-4E86-84AD-92B6BCE17AC3}"
EndProject
Project("{FAE04EC0-301F-11D3-BF4B-00C04F79EFBC}") = "SqlOptimizer.Desktop.Engine", "src\SqlOptimizer.Desktop.Engine\SqlOptimizer.Desktop.Engine.csproj", "{D0E1F0CF-9135-47D3-B655-63F5CC5B9AAD}"
EndProject
Global
	GlobalSection(SolutionConfigurationPlatforms) = preSolution
		Debug|Any CPU = Debug|Any CPU
		Debug|x64 = Debug|x64
		Debug|x86 = Debug|x86
		Release|Any CPU = Release|Any CPU
		Release|x64 = Release|x64
		Release|x86 = Release|x86
	EndGlobalSection
	GlobalSection(ProjectConfigurationPlatforms) = postSolution
		{2585EAFF-92F0-467C-8D57-BF2315983B00}.Debug|Any CPU.ActiveCfg = Debug|Any CPU
		{2585EAFF-92F0-467C-8D57-BF2315983B00}.Debug|Any CPU.Build.0 = Debug|Any CPU
		{2585EAFF-92F0-467C-8D57-BF2315983B00}.Debug|x64.ActiveCfg = Debug|Any CPU
		{2585EAFF-92F0-467C-8D57-BF2315983B00}.Debug|x64.Build.0 = Debug|Any CPU
		{2585EAFF-92F0-467C-8D57-BF2315983B00}.Debug|x86.ActiveCfg = Debug|Any CPU
		{2585EAFF-92F0-467C-8D57-BF2315983B00}.Debug|x86.Build.0 = Debug|Any CPU
		{2585EAFF-92F0-467C-8D57-BF2315983B00}.Release|Any CPU.ActiveCfg = Release|Any CPU
		{2585EAFF-92F0-467C-8D57-BF2315983B00}.Release|Any CPU.Build.0 = Release|Any CPU
		{2585EAFF-92F0-467C-8D57-BF2315983B00}.Release|x64.ActiveCfg = Release|Any CPU
		{2585EAFF-92F0-467C-8D57-BF2315983B00}.Release|x64.Build.0 = Release|Any CPU
		{2585EAFF-92F0-467C-8D57-BF2315983B00}.Release|x86.ActiveCfg = Release|Any CPU
		{2585EAFF-92F0-467C-8D57-BF2315983B00}.Release|x86.Build.0 = Release|Any CPU
		{2250D853-A277-47B5-BE2E-269311BB7C65}.Debug|Any CPU.ActiveCfg = Debug|Any CPU
		{2250D853-A277-47B5-BE2E-269311BB7C65}.Debug|Any CPU.Build.0 = Debug|Any CPU
		{2250D853-A277-47B5-BE2E-269311BB7C65}.Debug|x64.ActiveCfg = Debug|Any CPU
		{2250D853-A277-47B5-BE2E-269311BB7C65}.Debug|x64.Build.0 = Debug|Any CPU
		{2250D853-A277-47B5-BE2E-269311BB7C65}.Debug|x86.ActiveCfg = Debug|Any CPU
		{2250D853-A277-47B5-BE2E-269311BB7C65}.Debug|x86.Build.0 = Debug|Any CPU
		{2250D853-A277-47B5-BE2E-269311BB7C65}.Release|Any CPU.ActiveCfg = Release|Any CPU
		{2250D853-A277-47B5-BE2E-269311BB7C65}.Release|Any CPU.Build.0 = Release|Any CPU
		{2250D853-A277-47B5-BE2E-269311BB7C65}.Release|x64.ActiveCfg = Release|Any CPU
		{2250D853-A277-47B5-BE2E-269311BB7C65}.Release|x64.Build.0 = Release|Any CPU
		{2250D853-A277-47B5-BE2E-269311BB7C65}.Release|x86.ActiveCfg = Release|Any CPU
		{2250D853-A277-47B5-BE2E-269311BB7C65}.Release|x86.Build.0 = Release|Any CPU
		{2E18006F-70F8-4015-AD6D-624BB9BD28F4}.Debug|Any CPU.ActiveCfg = Debug|Any CPU
		{2E18006F-70F8-4015-AD6D-624BB9BD28F4}.Debug|Any CPU.Build.0 = Debug|Any CPU
		{2E18006F-70F8-4015-AD6D-624BB9BD28F4}.Debug|x64.ActiveCfg = Debug|Any CPU
		{2E18006F-70F8-4015-AD6D-624BB9BD28F4}.Debug|x64.Build.0 = Debug|Any CPU
		{2E18006F-70F8-4015-AD6D-624BB9BD28F4}.Debug|x86.ActiveCfg = Debug|Any CPU
		{2E18006F-70F8-4015-AD6D-624BB9BD28F4}.Debug|x86.Build.0 = Debug|Any CPU
		{2E18006F-70F8-4015-AD6D-624BB9BD28F4}.Release|Any CPU.ActiveCfg = Release|Any CPU
		{2E18006F-70F8-4015-AD6D-624BB9BD28F4}.Release|Any CPU.Build.0 = Release|Any CPU
		{2E18006F-70F8-4015-AD6D-624BB9BD28F4}.Release|x64.ActiveCfg = Release|Any CPU
		{2E18006F-70F8-4015-AD6D-624BB9BD28F4}.Release|x64.Build.0 = Release|Any CPU
		{2E18006F-70F8-4015-AD6D-624BB9BD28F4}.Release|x86.ActiveCfg = Release|Any CPU
		{2E18006F-70F8-4015-AD6D-624BB9BD28F4}.Release|x86.Build.0 = Release|Any CPU
		{19215182-5C6B-4B5F-AA83-5B30A9F46D98}.Debug|Any CPU.ActiveCfg = Debug|Any CPU
		{19215182-5C6B-4B5F-AA83-5B30A9F46D98}.Debug|Any CPU.Build.0 = Debug|Any CPU
		{19215182-5C6B-4B5F-AA83-5B30A9F46D98}.Debug|x64.ActiveCfg = Debug|Any CPU
		{19215182-5C6B-4B5F-AA83-5B30A9F46D98}.Debug|x64.Build.0 = Debug|Any CPU
		{19215182-5C6B-4B5F-AA83-5B30A9F46D98}.Debug|x86.ActiveCfg = Debug|Any CPU
		{19215182-5C6B-4B5F-AA83-5B30A9F46D98}.Debug|x86.Build.0 = Debug|Any CPU
		{19215182-5C6B-4B5F-AA83-5B30A9F46D98}.Release|Any CPU.ActiveCfg = Release|Any CPU
		{19215182-5C6B-4B5F-AA83-5B30A9F46D98}.Release|Any CPU.Build.0 = Release|Any CPU
		{19215182-5C6B-4B5F-AA83-5B30A9F46D98}.Release|x64.ActiveCfg = Release|Any CPU
		{19215182-5C6B-4B5F-AA83-5B30A9F46D98}.Release|x64.Build.0 = Release|Any CPU
		{19215182-5C6B-4B5F-AA83-5B30A9F46D98}.Release|x86.ActiveCfg = Release|Any CPU
		{19215182-5C6B-4B5F-AA83-5B30A9F46D98}.Release|x86.Build.0 = Release|Any CPU
		{5D876469-93FE-4CA5-9E2E-81B768E2F9B2}.Debug|Any CPU.ActiveCfg = Debug|Any CPU
		{5D876469-93FE-4CA5-9E2E-81B768E2F9B2}.Debug|Any CPU.Build.0 = Debug|Any CPU
		{5D876469-93FE-4CA5-9E2E-81B768E2F9B2}.Debug|x64.ActiveCfg = Debug|Any CPU
		{5D876469-93FE-4CA5-9E2E-81B768E2F9B2}.Debug|x64.Build.0 = Debug|Any CPU
		{5D876469-93FE-4CA5-9E2E-81B768E2F9B2}.Debug|x86.ActiveCfg = Debug|Any CPU
		{5D876469-93FE-4CA5-9E2E-81B768E2F9B2}.Debug|x86.Build.0 = Debug|Any CPU
		{5D876469-93FE-4CA5-9E2E-81B768E2F9B2}.Release|Any CPU.ActiveCfg = Release|Any CPU
		{5D876469-93FE-4CA5-9E2E-81B768E2F9B2}.Release|Any CPU.Build.0 = Release|Any CPU
		{5D876469-93FE-4CA5-9E2E-81B768E2F9B2}.Release|x64.ActiveCfg = Release|Any CPU
		{5D876469-93FE-4CA5-9E2E-81B768E2F9B2}.Release|x64.Build.0 = Release|Any CPU
		{5D876469-93FE-4CA5-9E2E-81B768E2F9B2}.Release|x86.ActiveCfg = Release|Any CPU
		{5D876469-93FE-4CA5-9E2E-81B768E2F9B2}.Release|x86.Build.0 = Release|Any CPU
		{5B472672-9E96-4B5D-B387-AABD35A83A10}.Debug|Any CPU.ActiveCfg = Debug|Any CPU
		{5B472672-9E96-4B5D-B387-AABD35A83A10}.Debug|Any CPU.Build.0 = Debug|Any CPU
		{5B472672-9E96-4B5D-B387-AABD35A83A10}.Debug|x64.ActiveCfg = Debug|Any CPU
		{5B472672-9E96-4B5D-B387-AABD35A83A10}.Debug|x64.Build.0 = Debug|Any CPU
		{5B472672-9E96-4B5D-B387-AABD35A83A10}.Debug|x86.ActiveCfg = Debug|Any CPU
		{5B472672-9E96-4B5D-B387-AABD35A83A10}.Debug|x86.Build.0 = Debug|Any CPU
		{5B472672-9E96-4B5D-B387-AABD35A83A10}.Release|Any CPU.ActiveCfg = Release|Any CPU
		{5B472672-9E96-4B5D-B387-AABD35A83A10}.Release|Any CPU.Build.0 = Release|Any CPU
		{5B472672-9E96-4B5D-B387-AABD35A83A10}.Release|x64.ActiveCfg = Release|Any CPU
		{5B472672-9E96-4B5D-B387-AABD35A83A10}.Release|x64.Build.0 = Release|Any CPU
		{5B472672-9E96-4B5D-B387-AABD35A83A10}.Release|x86.ActiveCfg = Release|Any CPU
		{5B472672-9E96-4B5D-B387-AABD35A83A10}.Release|x86.Build.0 = Release|Any CPU
		{C23DD150-B8AE-4D5B-B80E-32C41A12643B}.Debug|Any CPU.ActiveCfg = Debug|Any CPU
		{C23DD150-B8AE-4D5B-B80E-32C41A12643B}.Debug|Any CPU.Build.0 = Debug|Any CPU
		{C23DD150-B8AE-4D5B-B80E-32C41A12643B}.Debug|x64.ActiveCfg = Debug|Any CPU
		{C23DD150-B8AE-4D5B-B80E-32C41A12643B}.Debug|x64.Build.0 = Debug|Any CPU
		{C23DD150-B8AE-4D5B-B80E-32C41A12643B}.Debug|x86.ActiveCfg = Debug|Any CPU
		{C23DD150-B8AE-4D5B-B80E-32C41A12643B}.Debug|x86.Build.0 = Debug|Any CPU
		{C23DD150-B8AE-4D5B-B80E-32C41A12643B}.Release|Any CPU.ActiveCfg = Release|Any CPU
		{C23DD150-B8AE-4D5B-B80E-32C41A12643B}.Release|Any CPU.Build.0 = Release|Any CPU
		{C23DD150-B8AE-4D5B-B80E-32C41A12643B}.Release|x64.ActiveCfg = Release|Any CPU
		{C23DD150-B8AE-4D5B-B80E-32C41A12643B}.Release|x64.Build.0 = Release|Any CPU
		{C23DD150-B8AE-4D5B-B80E-32C41A12643B}.Release|x86.ActiveCfg = Release|Any CPU
		{C23DD150-B8AE-4D5B-B80E-32C41A12643B}.Release|x86.Build.0 = Release|Any CPU
		{92883542-9F66-4FE7-A7C1-28C88688DB5B}.Debug|Any CPU.ActiveCfg = Debug|Any CPU
		{92883542-9F66-4FE7-A7C1-28C88688DB5B}.Debug|Any CPU.Build.0 = Debug|Any CPU
		{92883542-9F66-4FE7-A7C1-28C88688DB5B}.Debug|x64.ActiveCfg = Debug|Any CPU
		{92883542-9F66-4FE7-A7C1-28C88688DB5B}.Debug|x64.Build.0 = Debug|Any CPU
		{92883542-9F66-4FE7-A7C1-28C88688DB5B}.Debug|x86.ActiveCfg = Debug|Any CPU
		{92883542-9F66-4FE7-A7C1-28C88688DB5B}.Debug|x86.Build.0 = Debug|Any CPU
		{92883542-9F66-4FE7-A7C1-28C88688DB5B}.Release|Any CPU.ActiveCfg = Release|Any CPU
		{92883542-9F66-4FE7-A7C1-28C88688DB5B}.Release|Any CPU.Build.0 = Release|Any CPU
		{92883542-9F66-4FE7-A7C1-28C88688DB5B}.Release|x64.ActiveCfg = Release|Any CPU
		{92883542-9F66-4FE7-A7C1-28C88688DB5B}.Release|x64.Build.0 = Release|Any CPU
		{92883542-9F66-4FE7-A7C1-28C88688DB5B}.Release|x86.ActiveCfg = Release|Any CPU
		{92883542-9F66-4FE7-A7C1-28C88688DB5B}.Release|x86.Build.0 = Release|Any CPU
		{FA036234-9B29-4183-8971-E12A37269BFD}.Debug|Any CPU.ActiveCfg = Debug|Any CPU
		{FA036234-9B29-4183-8971-E12A37269BFD}.Debug|Any CPU.Build.0 = Debug|Any CPU
		{FA036234-9B29-4183-8971-E12A37269BFD}.Debug|x64.ActiveCfg = Debug|Any CPU
		{FA036234-9B29-4183-8971-E12A37269BFD}.Debug|x64.Build.0 = Debug|Any CPU
		{FA036234-9B29-4183-8971-E12A37269BFD}.Debug|x86.ActiveCfg = Debug|Any CPU
		{FA036234-9B29-4183-8971-E12A37269BFD}.Debug|x86.Build.0 = Debug|Any CPU
		{FA036234-9B29-4183-8971-E12A37269BFD}.Release|Any CPU.ActiveCfg = Release|Any CPU
		{FA036234-9B29-4183-8971-E12A37269BFD}.Release|Any CPU.Build.0 = Release|Any CPU
		{FA036234-9B29-4183-8971-E12A37269BFD}.Release|x64.ActiveCfg = Release|Any CPU
		{FA036234-9B29-4183-8971-E12A37269BFD}.Release|x64.Build.0 = Release|Any CPU
		{FA036234-9B29-4183-8971-E12A37269BFD}.Release|x86.ActiveCfg = Release|Any CPU
		{FA036234-9B29-4183-8971-E12A37269BFD}.Release|x86.Build.0 = Release|Any CPU
		{2B1CF645-ACC4-4710-86E8-96D68D8369F3}.Debug|Any CPU.ActiveCfg = Debug|Any CPU
		{2B1CF645-ACC4-4710-86E8-96D68D8369F3}.Debug|Any CPU.Build.0 = Debug|Any CPU
		{2B1CF645-ACC4-4710-86E8-96D68D8369F3}.Debug|x64.ActiveCfg = Debug|Any CPU
		{2B1CF645-ACC4-4710-86E8-96D68D8369F3}.Debug|x64.Build.0 = Debug|Any CPU
		{2B1CF645-ACC4-4710-86E8-96D68D8369F3}.Debug|x86.ActiveCfg = Debug|Any CPU
		{2B1CF645-ACC4-4710-86E8-96D68D8369F3}.Debug|x86.Build.0 = Debug|Any CPU
		{2B1CF645-ACC4-4710-86E8-96D68D8369F3}.Release|Any CPU.ActiveCfg = Release|Any CPU
		{2B1CF645-ACC4-4710-86E8-96D68D8369F3}.Release|Any CPU.Build.0 = Release|Any CPU
		{2B1CF645-ACC4-4710-86E8-96D68D8369F3}.Release|x64.ActiveCfg = Release|Any CPU
		{2B1CF645-ACC4-4710-86E8-96D68D8369F3}.Release|x64.Build.0 = Release|Any CPU
		{2B1CF645-ACC4-4710-86E8-96D68D8369F3}.Release|x86.ActiveCfg = Release|Any CPU
		{2B1CF645-ACC4-4710-86E8-96D68D8369F3}.Release|x86.Build.0 = Release|Any CPU
		{AC8E7078-D6AB-415D-9BC1-64D1410B8545}.Debug|Any CPU.ActiveCfg = Debug|Any CPU
		{AC8E7078-D6AB-415D-9BC1-64D1410B8545}.Debug|Any CPU.Build.0 = Debug|Any CPU
		{AC8E7078-D6AB-415D-9BC1-64D1410B8545}.Debug|x64.ActiveCfg = Debug|Any CPU
		{AC8E7078-D6AB-415D-9BC1-64D1410B8545}.Debug|x64.Build.0 = Debug|Any CPU
		{AC8E7078-D6AB-415D-9BC1-64D1410B8545}.Debug|x86.ActiveCfg = Debug|Any CPU
		{AC8E7078-D6AB-415D-9BC1-64D1410B8545}.Debug|x86.Build.0 = Debug|Any CPU
		{AC8E7078-D6AB-415D-9BC1-64D1410B8545}.Release|Any CPU.ActiveCfg = Release|Any CPU
		{AC8E7078-D6AB-415D-9BC1-64D1410B8545}.Release|Any CPU.Build.0 = Release|Any CPU
		{AC8E7078-D6AB-415D-9BC1-64D1410B8545}.Release|x64.ActiveCfg = Release|Any CPU
		{AC8E7078-D6AB-415D-9BC1-64D1410B8545}.Release|x64.Build.0 = Release|Any CPU
		{AC8E7078-D6AB-415D-9BC1-64D1410B8545}.Release|x86.ActiveCfg = Release|Any CPU
		{AC8E7078-D6AB-415D-9BC1-64D1410B8545}.Release|x86.Build.0 = Release|Any CPU
		{3C1462CF-EC8A-46FC-8356-BD9DD15F5EDC}.Debug|Any CPU.ActiveCfg = Debug|Any CPU
		{3C1462CF-EC8A-46FC-8356-BD9DD15F5EDC}.Debug|Any CPU.Build.0 = Debug|Any CPU
		{3C1462CF-EC8A-46FC-8356-BD9DD15F5EDC}.Debug|x64.ActiveCfg = Debug|Any CPU
		{3C1462CF-EC8A-46FC-8356-BD9DD15F5EDC}.Debug|x64.Build.0 = Debug|Any CPU
		{3C1462CF-EC8A-46FC-8356-BD9DD15F5EDC}.Debug|x86.ActiveCfg = Debug|Any CPU
		{3C1462CF-EC8A-46FC-8356-BD9DD15F5EDC}.Debug|x86.Build.0 = Debug|Any CPU
		{3C1462CF-EC8A-46FC-8356-BD9DD15F5EDC}.Release|Any CPU.ActiveCfg = Release|Any CPU
		{3C1462CF-EC8A-46FC-8356-BD9DD15F5EDC}.Release|Any CPU.Build.0 = Release|Any CPU
		{3C1462CF-EC8A-46FC-8356-BD9DD15F5EDC}.Release|x64.ActiveCfg = Release|Any CPU
		{3C1462CF-EC8A-46FC-8356-BD9DD15F5EDC}.Release|x64.Build.0 = Release|Any CPU
		{3C1462CF-EC8A-46FC-8356-BD9DD15F5EDC}.Release|x86.ActiveCfg = Release|Any CPU
		{3C1462CF-EC8A-46FC-8356-BD9DD15F5EDC}.Release|x86.Build.0 = Release|Any CPU
		{2879773C-F886-4E86-84AD-92B6BCE17AC3}.Debug|Any CPU.ActiveCfg = Debug|Any CPU
		{2879773C-F886-4E86-84AD-92B6BCE17AC3}.Debug|Any CPU.Build.0 = Debug|Any CPU
		{2879773C-F886-4E86-84AD-92B6BCE17AC3}.Debug|x64.ActiveCfg = Debug|Any CPU
		{2879773C-F886-4E86-84AD-92B6BCE17AC3}.Debug|x64.Build.0 = Debug|Any CPU
		{2879773C-F886-4E86-84AD-92B6BCE17AC3}.Debug|x86.ActiveCfg = Debug|Any CPU
		{2879773C-F886-4E86-84AD-92B6BCE17AC3}.Debug|x86.Build.0 = Debug|Any CPU
		{2879773C-F886-4E86-84AD-92B6BCE17AC3}.Release|Any CPU.ActiveCfg = Release|Any CPU
		{2879773C-F886-4E86-84AD-92B6BCE17AC3}.Release|Any CPU.Build.0 = Release|Any CPU
		{2879773C-F886-4E86-84AD-92B6BCE17AC3}.Release|x64.ActiveCfg = Release|Any CPU
		{2879773C-F886-4E86-84AD-92B6BCE17AC3}.Release|x64.Build.0 = Release|Any CPU
		{2879773C-F886-4E86-84AD-92B6BCE17AC3}.Release|x86.ActiveCfg = Release|Any CPU
		{2879773C-F886-4E86-84AD-92B6BCE17AC3}.Release|x86.Build.0 = Release|Any CPU
		{D0E1F0CF-9135-47D3-B655-63F5CC5B9AAD}.Debug|Any CPU.ActiveCfg = Debug|Any CPU
		{D0E1F0CF-9135-47D3-B655-63F5CC5B9AAD}.Debug|Any CPU.Build.0 = Debug|Any CPU
		{D0E1F0CF-9135-47D3-B655-63F5CC5B9AAD}.Debug|x64.ActiveCfg = Debug|Any CPU
		{D0E1F0CF-9135-47D3-B655-63F5CC5B9AAD}.Debug|x64.Build.0 = Debug|Any CPU
		{D0E1F0CF-9135-47D3-B655-63F5CC5B9AAD}.Debug|x86.ActiveCfg = Debug|Any CPU
		{D0E1F0CF-9135-47D3-B655-63F5CC5B9AAD}.Debug|x86.Build.0 = Debug|Any CPU
		{D0E1F0CF-9135-47D3-B655-63F5CC5B9AAD}.Release|Any CPU.ActiveCfg = Release|Any CPU
		{D0E1F0CF-9135-47D3-B655-63F5CC5B9AAD}.Release|Any CPU.Build.0 = Release|Any CPU
		{D0E1F0CF-9135-47D3-B655-63F5CC5B9AAD}.Release|x64.ActiveCfg = Release|Any CPU
		{D0E1F0CF-9135-47D3-B655-63F5CC5B9AAD}.Release|x64.Build.0 = Release|Any CPU
		{D0E1F0CF-9135-47D3-B655-63F5CC5B9AAD}.Release|x86.ActiveCfg = Release|Any CPU
		{D0E1F0CF-9135-47D3-B655-63F5CC5B9AAD}.Release|x86.Build.0 = Release|Any CPU
	EndGlobalSection
	GlobalSection(SolutionProperties) = preSolution
		HideSolutionNode = FALSE
	EndGlobalSection
	GlobalSection(NestedProjects) = preSolution
		{2585EAFF-92F0-467C-8D57-BF2315983B00} = {827E0CD3-B72D-47B6-A68D-7590B98EB39B}
		{2250D853-A277-47B5-BE2E-269311BB7C65} = {827E0CD3-B72D-47B6-A68D-7590B98EB39B}
		{2E18006F-70F8-4015-AD6D-624BB9BD28F4} = {827E0CD3-B72D-47B6-A68D-7590B98EB39B}
		{19215182-5C6B-4B5F-AA83-5B30A9F46D98} = {827E0CD3-B72D-47B6-A68D-7590B98EB39B}
		{5D876469-93FE-4CA5-9E2E-81B768E2F9B2} = {827E0CD3-B72D-47B6-A68D-7590B98EB39B}
		{5B472672-9E96-4B5D-B387-AABD35A83A10} = {827E0CD3-B72D-47B6-A68D-7590B98EB39B}
		{C23DD150-B8AE-4D5B-B80E-32C41A12643B} = {827E0CD3-B72D-47B6-A68D-7590B98EB39B}
		{92883542-9F66-4FE7-A7C1-28C88688DB5B} = {827E0CD3-B72D-47B6-A68D-7590B98EB39B}
		{FA036234-9B29-4183-8971-E12A37269BFD} = {827E0CD3-B72D-47B6-A68D-7590B98EB39B}
		{2B1CF645-ACC4-4710-86E8-96D68D8369F3} = {0AB3BF05-4346-4AA6-1389-037BE0695223}
		{AC8E7078-D6AB-415D-9BC1-64D1410B8545} = {0AB3BF05-4346-4AA6-1389-037BE0695223}
		{3C1462CF-EC8A-46FC-8356-BD9DD15F5EDC} = {0AB3BF05-4346-4AA6-1389-037BE0695223}
		{2879773C-F886-4E86-84AD-92B6BCE17AC3} = {827E0CD3-B72D-47B6-A68D-7590B98EB39B}
		{D0E1F0CF-9135-47D3-B655-63F5CC5B9AAD} = {827E0CD3-B72D-47B6-A68D-7590B98EB39B}
	EndGlobalSection
EndGlobal
